
Microsoft Visual Studio Solution File, Format Version 12.00
# Visual Studio 15
VisualStudioVersion = 15.0.26430.14
MinimumVisualStudioVersion = 10.0.40219.1
Project("{D954291E-2A0B-460D-934E-DC6B0785DB48}") = "Traquest", "Traquest\Traquest\Traquest.shproj", "{14D8E806-1A6D-4AB4-B76C-034B1ABE1BB6}"
EndProject
Project("{FAE04EC0-301F-11D3-BF4B-00C04F79EFBC}") = "Traquest.Android", "Traquest\Traquest.Android\Traquest.Android.csproj", "{18AC0E5A-DC8E-49C1-A6B9-6244741DD7BD}"
EndProject
Project("{FAE04EC0-301F-11D3-BF4B-00C04F79EFBC}") = "Traquest.iOS", "Traquest\Traquest.iOS\Traquest.iOS.csproj", "{54F21943-9BA5-4E2E-8CA0-1640D973298A}"
EndProject
Project("{FAE04EC0-301F-11D3-BF4B-00C04F79EFBC}") = "Traquest.UWP", "Traquest\Traquest.UWP\Traquest.UWP.csproj", "{6C66724D-6F28-4FF0-B6AF-463954FD6B6D}"
EndProject
Global
	GlobalSection(SharedMSBuildProjectFiles) = preSolution
		Traquest\Traquest\Traquest.projitems*{14d8e806-1a6d-4ab4-b76c-034b1abe1bb6}*SharedItemsImports = 13
		Traquest\Traquest\Traquest.projitems*{18ac0e5a-dc8e-49c1-a6b9-6244741dd7bd}*SharedItemsImports = 4
		Traquest\Traquest\Traquest.projitems*{54f21943-9ba5-4e2e-8ca0-1640d973298a}*SharedItemsImports = 4
		Traquest\Traquest\Traquest.projitems*{6c66724d-6f28-4ff0-b6af-463954fd6b6d}*SharedItemsImports = 4
	EndGlobalSection
	GlobalSection(SolutionConfigurationPlatforms) = preSolution
		Ad-Hoc|Any CPU = Ad-Hoc|Any CPU
		Ad-Hoc|ARM = Ad-Hoc|ARM
		Ad-Hoc|iPhone = Ad-Hoc|iPhone
		Ad-Hoc|iPhoneSimulator = Ad-Hoc|iPhoneSimulator
		Ad-Hoc|x64 = Ad-Hoc|x64
		Ad-Hoc|x86 = Ad-Hoc|x86
		AppStore|Any CPU = AppStore|Any CPU
		AppStore|ARM = AppStore|ARM
		AppStore|iPhone = AppStore|iPhone
		AppStore|iPhoneSimulator = AppStore|iPhoneSimulator
		AppStore|x64 = AppStore|x64
		AppStore|x86 = AppStore|x86
		Debug|Any CPU = Debug|Any CPU
		Debug|ARM = Debug|ARM
		Debug|iPhone = Debug|iPhone
		Debug|iPhoneSimulator = Debug|iPhoneSimulator
		Debug|x64 = Debug|x64
		Debug|x86 = Debug|x86
		Release|Any CPU = Release|Any CPU
		Release|ARM = Release|ARM
		Release|iPhone = Release|iPhone
		Release|iPhoneSimulator = Release|iPhoneSimulator
		Release|x64 = Release|x64
		Release|x86 = Release|x86
	EndGlobalSection
	GlobalSection(ProjectConfigurationPlatforms) = postSolution
		{18AC0E5A-DC8E-49C1-A6B9-6244741DD7BD}.Ad-Hoc|Any CPU.ActiveCfg = Release|Any CPU
		{18AC0E5A-DC8E-49C1-A6B9-6244741DD7BD}.Ad-Hoc|Any CPU.Build.0 = Release|Any CPU
		{18AC0E5A-DC8E-49C1-A6B9-6244741DD7BD}.Ad-Hoc|Any CPU.Deploy.0 = Release|Any CPU
		{18AC0E5A-DC8E-49C1-A6B9-6244741DD7BD}.Ad-Hoc|ARM.ActiveCfg = Release|Any CPU
		{18AC0E5A-DC8E-49C1-A6B9-6244741DD7BD}.Ad-Hoc|ARM.Build.0 = Release|Any CPU
		{18AC0E5A-DC8E-49C1-A6B9-6244741DD7BD}.Ad-Hoc|ARM.Deploy.0 = Release|Any CPU
		{18AC0E5A-DC8E-49C1-A6B9-6244741DD7BD}.Ad-Hoc|iPhone.ActiveCfg = Release|Any CPU
		{18AC0E5A-DC8E-49C1-A6B9-6244741DD7BD}.Ad-Hoc|iPhone.Build.0 = Release|Any CPU
		{18AC0E5A-DC8E-49C1-A6B9-6244741DD7BD}.Ad-Hoc|iPhone.Deploy.0 = Release|Any CPU
		{18AC0E5A-DC8E-49C1-A6B9-6244741DD7BD}.Ad-Hoc|iPhoneSimulator.ActiveCfg = Release|Any CPU
		{18AC0E5A-DC8E-49C1-A6B9-6244741DD7BD}.Ad-Hoc|iPhoneSimulator.Build.0 = Release|Any CPU
		{18AC0E5A-DC8E-49C1-A6B9-6244741DD7BD}.Ad-Hoc|iPhoneSimulator.Deploy.0 = Release|Any CPU
		{18AC0E5A-DC8E-49C1-A6B9-6244741DD7BD}.Ad-Hoc|x64.ActiveCfg = Release|Any CPU
		{18AC0E5A-DC8E-49C1-A6B9-6244741DD7BD}.Ad-Hoc|x64.Build.0 = Release|Any CPU
		{18AC0E5A-DC8E-49C1-A6B9-6244741DD7BD}.Ad-Hoc|x64.Deploy.0 = Release|Any CPU
		{18AC0E5A-DC8E-49C1-A6B9-6244741DD7BD}.Ad-Hoc|x86.ActiveCfg = Release|Any CPU
		{18AC0E5A-DC8E-49C1-A6B9-6244741DD7BD}.Ad-Hoc|x86.Build.0 = Release|Any CPU
		{18AC0E5A-DC8E-49C1-A6B9-6244741DD7BD}.Ad-Hoc|x86.Deploy.0 = Release|Any CPU
		{18AC0E5A-DC8E-49C1-A6B9-6244741DD7BD}.AppStore|Any CPU.ActiveCfg = Release|Any CPU
		{18AC0E5A-DC8E-49C1-A6B9-6244741DD7BD}.AppStore|Any CPU.Build.0 = Release|Any CPU
		{18AC0E5A-DC8E-49C1-A6B9-6244741DD7BD}.AppStore|Any CPU.Deploy.0 = Release|Any CPU
		{18AC0E5A-DC8E-49C1-A6B9-6244741DD7BD}.AppStore|ARM.ActiveCfg = Release|Any CPU
		{18AC0E5A-DC8E-49C1-A6B9-6244741DD7BD}.AppStore|ARM.Build.0 = Release|Any CPU
		{18AC0E5A-DC8E-49C1-A6B9-6244741DD7BD}.AppStore|ARM.Deploy.0 = Release|Any CPU
		{18AC0E5A-DC8E-49C1-A6B9-6244741DD7BD}.AppStore|iPhone.ActiveCfg = Release|Any CPU
		{18AC0E5A-DC8E-49C1-A6B9-6244741DD7BD}.AppStore|iPhone.Build.0 = Release|Any CPU
		{18AC0E5A-DC8E-49C1-A6B9-6244741DD7BD}.AppStore|iPhone.Deploy.0 = Release|Any CPU
		{18AC0E5A-DC8E-49C1-A6B9-6244741DD7BD}.AppStore|iPhoneSimulator.ActiveCfg = Release|Any CPU
		{18AC0E5A-DC8E-49C1-A6B9-6244741DD7BD}.AppStore|iPhoneSimulator.Build.0 = Release|Any CPU
		{18AC0E5A-DC8E-49C1-A6B9-6244741DD7BD}.AppStore|iPhoneSimulator.Deploy.0 = Release|Any CPU
		{18AC0E5A-DC8E-49C1-A6B9-6244741DD7BD}.AppStore|x64.ActiveCfg = Release|Any CPU
		{18AC0E5A-DC8E-49C1-A6B9-6244741DD7BD}.AppStore|x64.Build.0 = Release|Any CPU
		{18AC0E5A-DC8E-49C1-A6B9-6244741DD7BD}.AppStore|x64.Deploy.0 = Release|Any CPU
		{18AC0E5A-DC8E-49C1-A6B9-6244741DD7BD}.AppStore|x86.ActiveCfg = Release|Any CPU
		{18AC0E5A-DC8E-49C1-A6B9-6244741DD7BD}.AppStore|x86.Build.0 = Release|Any CPU
		{18AC0E5A-DC8E-49C1-A6B9-6244741DD7BD}.AppStore|x86.Deploy.0 = Release|Any CPU
		{18AC0E5A-DC8E-49C1-A6B9-6244741DD7BD}.Debug|Any CPU.ActiveCfg = Debug|Any CPU
		{18AC0E5A-DC8E-49C1-A6B9-6244741DD7BD}.Debug|Any CPU.Build.0 = Debug|Any CPU
		{18AC0E5A-DC8E-49C1-A6B9-6244741DD7BD}.Debug|Any CPU.Deploy.0 = Debug|Any CPU
		{18AC0E5A-DC8E-49C1-A6B9-6244741DD7BD}.Debug|ARM.ActiveCfg = Debug|Any CPU
		{18AC0E5A-DC8E-49C1-A6B9-6244741DD7BD}.Debug|ARM.Build.0 = Debug|Any CPU
		{18AC0E5A-DC8E-49C1-A6B9-6244741DD7BD}.Debug|ARM.Deploy.0 = Debug|Any CPU
		{18AC0E5A-DC8E-49C1-A6B9-6244741DD7BD}.Debug|iPhone.ActiveCfg = Debug|Any CPU
		{18AC0E5A-DC8E-49C1-A6B9-6244741DD7BD}.Debug|iPhone.Build.0 = Debug|Any CPU
		{18AC0E5A-DC8E-49C1-A6B9-6244741DD7BD}.Debug|iPhone.Deploy.0 = Debug|Any CPU
		{18AC0E5A-DC8E-49C1-A6B9-6244741DD7BD}.Debug|iPhoneSimulator.ActiveCfg = Debug|Any CPU
		{18AC0E5A-DC8E-49C1-A6B9-6244741DD7BD}.Debug|iPhoneSimulator.Build.0 = Debug|Any CPU
		{18AC0E5A-DC8E-49C1-A6B9-6244741DD7BD}.Debug|iPhoneSimulator.Deploy.0 = Debug|Any CPU
		{18AC0E5A-DC8E-49C1-A6B9-6244741DD7BD}.Debug|x64.ActiveCfg = Debug|Any CPU
		{18AC0E5A-DC8E-49C1-A6B9-6244741DD7BD}.Debug|x64.Build.0 = Debug|Any CPU
		{18AC0E5A-DC8E-49C1-A6B9-6244741DD7BD}.Debug|x64.Deploy.0 = Debug|Any CPU
		{18AC0E5A-DC8E-49C1-A6B9-6244741DD7BD}.Debug|x86.ActiveCfg = Debug|Any CPU
		{18AC0E5A-DC8E-49C1-A6B9-6244741DD7BD}.Debug|x86.Build.0 = Debug|Any CPU
		{18AC0E5A-DC8E-49C1-A6B9-6244741DD7BD}.Debug|x86.Deploy.0 = Debug|Any CPU
		{18AC0E5A-DC8E-49C1-A6B9-6244741DD7BD}.Release|Any CPU.ActiveCfg = Release|Any CPU
		{18AC0E5A-DC8E-49C1-A6B9-6244741DD7BD}.Release|Any CPU.Build.0 = Release|Any CPU
		{18AC0E5A-DC8E-49C1-A6B9-6244741DD7BD}.Release|Any CPU.Deploy.0 = Release|Any CPU
		{18AC0E5A-DC8E-49C1-A6B9-6244741DD7BD}.Release|ARM.ActiveCfg = Release|Any CPU
		{18AC0E5A-DC8E-49C1-A6B9-6244741DD7BD}.Release|ARM.Build.0 = Release|Any CPU
		{18AC0E5A-DC8E-49C1-A6B9-6244741DD7BD}.Release|ARM.Deploy.0 = Release|Any CPU
		{18AC0E5A-DC8E-49C1-A6B9-6244741DD7BD}.Release|iPhone.ActiveCfg = Release|Any CPU
		{18AC0E5A-DC8E-49C1-A6B9-6244741DD7BD}.Release|iPhone.Build.0 = Release|Any CPU
		{18AC0E5A-DC8E-49C1-A6B9-6244741DD7BD}.Release|iPhone.Deploy.0 = Release|Any CPU
		{18AC0E5A-DC8E-49C1-A6B9-6244741DD7BD}.Release|iPhoneSimulator.ActiveCfg = Release|Any CPU
		{18AC0E5A-DC8E-49C1-A6B9-6244741DD7BD}.Release|iPhoneSimulator.Build.0 = Release|Any CPU
		{18AC0E5A-DC8E-49C1-A6B9-6244741DD7BD}.Release|iPhoneSimulator.Deploy.0 = Release|Any CPU
		{18AC0E5A-DC8E-49C1-A6B9-6244741DD7BD}.Release|x64.ActiveCfg = Release|Any CPU
		{18AC0E5A-DC8E-49C1-A6B9-6244741DD7BD}.Release|x64.Build.0 = Release|Any CPU
		{18AC0E5A-DC8E-49C1-A6B9-6244741DD7BD}.Release|x64.Deploy.0 = Release|Any CPU
		{18AC0E5A-DC8E-49C1-A6B9-6244741DD7BD}.Release|x86.ActiveCfg = Release|Any CPU
		{18AC0E5A-DC8E-49C1-A6B9-6244741DD7BD}.Release|x86.Build.0 = Release|Any CPU
		{18AC0E5A-DC8E-49C1-A6B9-6244741DD7BD}.Release|x86.Deploy.0 = Release|Any CPU
		{54F21943-9BA5-4E2E-8CA0-1640D973298A}.Ad-Hoc|Any CPU.ActiveCfg = Ad-Hoc|iPhone
		{54F21943-9BA5-4E2E-8CA0-1640D973298A}.Ad-Hoc|ARM.ActiveCfg = Ad-Hoc|iPhone
		{54F21943-9BA5-4E2E-8CA0-1640D973298A}.Ad-Hoc|iPhone.ActiveCfg = Ad-Hoc|iPhone
		{54F21943-9BA5-4E2E-8CA0-1640D973298A}.Ad-Hoc|iPhone.Build.0 = Ad-Hoc|iPhone
		{54F21943-9BA5-4E2E-8CA0-1640D973298A}.Ad-Hoc|iPhoneSimulator.ActiveCfg = Ad-Hoc|iPhoneSimulator
		{54F21943-9BA5-4E2E-8CA0-1640D973298A}.Ad-Hoc|iPhoneSimulator.Build.0 = Ad-Hoc|iPhoneSimulator
		{54F21943-9BA5-4E2E-8CA0-1640D973298A}.Ad-Hoc|x64.ActiveCfg = Ad-Hoc|iPhone
		{54F21943-9BA5-4E2E-8CA0-1640D973298A}.Ad-Hoc|x86.ActiveCfg = Ad-Hoc|iPhone
		{54F21943-9BA5-4E2E-8CA0-1640D973298A}.AppStore|Any CPU.ActiveCfg = AppStore|iPhone
		{54F21943-9BA5-4E2E-8CA0-1640D973298A}.AppStore|ARM.ActiveCfg = AppStore|iPhone
		{54F21943-9BA5-4E2E-8CA0-1640D973298A}.AppStore|iPhone.ActiveCfg = AppStore|iPhone
		{54F21943-9BA5-4E2E-8CA0-1640D973298A}.AppStore|iPhone.Build.0 = AppStore|iPhone
		{54F21943-9BA5-4E2E-8CA0-1640D973298A}.AppStore|iPhoneSimulator.ActiveCfg = AppStore|iPhoneSimulator
		{54F21943-9BA5-4E2E-8CA0-1640D973298A}.AppStore|iPhoneSimulator.Build.0 = AppStore|iPhoneSimulator
		{54F21943-9BA5-4E2E-8CA0-1640D973298A}.AppStore|x64.ActiveCfg = AppStore|iPhone
		{54F21943-9BA5-4E2E-8CA0-1640D973298A}.AppStore|x86.ActiveCfg = AppStore|iPhone
		{54F21943-9BA5-4E2E-8CA0-1640D973298A}.Debug|Any CPU.ActiveCfg = Debug|iPhone
		{54F21943-9BA5-4E2E-8CA0-1640D973298A}.Debug|ARM.ActiveCfg = Debug|iPhone
		{54F21943-9BA5-4E2E-8CA0-1640D973298A}.Debug|iPhone.ActiveCfg = Debug|iPhone
		{54F21943-9BA5-4E2E-8CA0-1640D973298A}.Debug|iPhone.Build.0 = Debug|iPhone
		{54F21943-9BA5-4E2E-8CA0-1640D973298A}.Debug|iPhoneSimulator.ActiveCfg = Debug|iPhoneSimulator
		{54F21943-9BA5-4E2E-8CA0-1640D973298A}.Debug|iPhoneSimulator.Build.0 = Debug|iPhoneSimulator
		{54F21943-9BA5-4E2E-8CA0-1640D973298A}.Debug|x64.ActiveCfg = Debug|iPhone
		{54F21943-9BA5-4E2E-8CA0-1640D973298A}.Debug|x86.ActiveCfg = Debug|iPhone
		{54F21943-9BA5-4E2E-8CA0-1640D973298A}.Release|Any CPU.ActiveCfg = Release|iPhone
		{54F21943-9BA5-4E2E-8CA0-1640D973298A}.Release|ARM.ActiveCfg = Release|iPhone
		{54F21943-9BA5-4E2E-8CA0-1640D973298A}.Release|iPhone.ActiveCfg = Release|iPhone
		{54F21943-9BA5-4E2E-8CA0-1640D973298A}.Release|iPhone.Build.0 = Release|iPhone
		{54F21943-9BA5-4E2E-8CA0-1640D973298A}.Release|iPhoneSimulator.ActiveCfg = Release|iPhoneSimulator
		{54F21943-9BA5-4E2E-8CA0-1640D973298A}.Release|iPhoneSimulator.Build.0 = Release|iPhoneSimulator
		{54F21943-9BA5-4E2E-8CA0-1640D973298A}.Release|x64.ActiveCfg = Release|iPhone
		{54F21943-9BA5-4E2E-8CA0-1640D973298A}.Release|x86.ActiveCfg = Release|iPhone
		{6C66724D-6F28-4FF0-B6AF-463954FD6B6D}.Ad-Hoc|Any CPU.ActiveCfg = Release|x86
		{6C66724D-6F28-4FF0-B6AF-463954FD6B6D}.Ad-Hoc|Any CPU.Build.0 = Release|x86
		{6C66724D-6F28-4FF0-B6AF-463954FD6B6D}.Ad-Hoc|Any CPU.Deploy.0 = Release|x86
		{6C66724D-6F28-4FF0-B6AF-463954FD6B6D}.Ad-Hoc|ARM.ActiveCfg = Release|ARM
		{6C66724D-6F28-4FF0-B6AF-463954FD6B6D}.Ad-Hoc|ARM.Build.0 = Release|ARM
		{6C66724D-6F28-4FF0-B6AF-463954FD6B6D}.Ad-Hoc|ARM.Deploy.0 = Release|ARM
		{6C66724D-6F28-4FF0-B6AF-463954FD6B6D}.Ad-Hoc|iPhone.ActiveCfg = Release|x86
		{6C66724D-6F28-4FF0-B6AF-463954FD6B6D}.Ad-Hoc|iPhone.Build.0 = Release|x86
		{6C66724D-6F28-4FF0-B6AF-463954FD6B6D}.Ad-Hoc|iPhone.Deploy.0 = Release|x86
		{6C66724D-6F28-4FF0-B6AF-463954FD6B6D}.Ad-Hoc|iPhoneSimulator.ActiveCfg = Release|x86
		{6C66724D-6F28-4FF0-B6AF-463954FD6B6D}.Ad-Hoc|iPhoneSimulator.Build.0 = Release|x86
		{6C66724D-6F28-4FF0-B6AF-463954FD6B6D}.Ad-Hoc|iPhoneSimulator.Deploy.0 = Release|x86
		{6C66724D-6F28-4FF0-B6AF-463954FD6B6D}.Ad-Hoc|x64.ActiveCfg = Release|x64
		{6C66724D-6F28-4FF0-B6AF-463954FD6B6D}.Ad-Hoc|x64.Build.0 = Release|x64
		{6C66724D-6F28-4FF0-B6AF-463954FD6B6D}.Ad-Hoc|x64.Deploy.0 = Release|x64
		{6C66724D-6F28-4FF0-B6AF-463954FD6B6D}.Ad-Hoc|x86.ActiveCfg = Release|x86
		{6C66724D-6F28-4FF0-B6AF-463954FD6B6D}.Ad-Hoc|x86.Build.0 = Release|x86
		{6C66724D-6F28-4FF0-B6AF-463954FD6B6D}.Ad-Hoc|x86.Deploy.0 = Release|x86
		{6C66724D-6F28-4FF0-B6AF-463954FD6B6D}.AppStore|Any CPU.ActiveCfg = Release|x86
		{6C66724D-6F28-4FF0-B6AF-463954FD6B6D}.AppStore|Any CPU.Build.0 = Release|x86
		{6C66724D-6F28-4FF0-B6AF-463954FD6B6D}.AppStore|Any CPU.Deploy.0 = Release|x86
		{6C66724D-6F28-4FF0-B6AF-463954FD6B6D}.AppStore|ARM.ActiveCfg = Release|ARM
		{6C66724D-6F28-4FF0-B6AF-463954FD6B6D}.AppStore|ARM.Build.0 = Release|ARM
		{6C66724D-6F28-4FF0-B6AF-463954FD6B6D}.AppStore|ARM.Deploy.0 = Release|ARM
		{6C66724D-6F28-4FF0-B6AF-463954FD6B6D}.AppStore|iPhone.ActiveCfg = Release|x86
		{6C66724D-6F28-4FF0-B6AF-463954FD6B6D}.AppStore|iPhone.Build.0 = Release|x86
		{6C66724D-6F28-4FF0-B6AF-463954FD6B6D}.AppStore|iPhone.Deploy.0 = Release|x86
		{6C66724D-6F28-4FF0-B6AF-463954FD6B6D}.AppStore|iPhoneSimulator.ActiveCfg = Release|x86
		{6C66724D-6F28-4FF0-B6AF-463954FD6B6D}.AppStore|iPhoneSimulator.Build.0 = Release|x86
		{6C66724D-6F28-4FF0-B6AF-463954FD6B6D}.AppStore|iPhoneSimulator.Deploy.0 = Release|x86
		{6C66724D-6F28-4FF0-B6AF-463954FD6B6D}.AppStore|x64.ActiveCfg = Release|x64
		{6C66724D-6F28-4FF0-B6AF-463954FD6B6D}.AppStore|x64.Build.0 = Release|x64
		{6C66724D-6F28-4FF0-B6AF-463954FD6B6D}.AppStore|x64.Deploy.0 = Release|x64
		{6C66724D-6F28-4FF0-B6AF-463954FD6B6D}.AppStore|x86.ActiveCfg = Release|x86
		{6C66724D-6F28-4FF0-B6AF-463954FD6B6D}.AppStore|x86.Build.0 = Release|x86
		{6C66724D-6F28-4FF0-B6AF-463954FD6B6D}.AppStore|x86.Deploy.0 = Release|x86
		{6C66724D-6F28-4FF0-B6AF-463954FD6B6D}.Debug|Any CPU.ActiveCfg = Debug|x86
		{6C66724D-6F28-4FF0-B6AF-463954FD6B6D}.Debug|ARM.ActiveCfg = Debug|ARM
		{6C66724D-6F28-4FF0-B6AF-463954FD6B6D}.Debug|ARM.Build.0 = Debug|ARM
		{6C66724D-6F28-4FF0-B6AF-463954FD6B6D}.Debug|ARM.Deploy.0 = Debug|ARM
		{6C66724D-6F28-4FF0-B6AF-463954FD6B6D}.Debug|iPhone.ActiveCfg = Debug|x86
		{6C66724D-6F28-4FF0-B6AF-463954FD6B6D}.Debug|iPhoneSimulator.ActiveCfg = Debug|x86
		{6C66724D-6F28-4FF0-B6AF-463954FD6B6D}.Debug|x64.ActiveCfg = Debug|x64
		{6C66724D-6F28-4FF0-B6AF-463954FD6B6D}.Debug|x64.Build.0 = Debug|x64
		{6C66724D-6F28-4FF0-B6AF-463954FD6B6D}.Debug|x64.Deploy.0 = Debug|x64
		{6C66724D-6F28-4FF0-B6AF-463954FD6B6D}.Debug|x86.ActiveCfg = Debug|x86
		{6C66724D-6F28-4FF0-B6AF-463954FD6B6D}.Debug|x86.Build.0 = Debug|x86
		{6C66724D-6F28-4FF0-B6AF-463954FD6B6D}.Debug|x86.Deploy.0 = Debug|x86
		{6C66724D-6F28-4FF0-B6AF-463954FD6B6D}.Release|Any CPU.ActiveCfg = Release|x86
		{6C66724D-6F28-4FF0-B6AF-463954FD6B6D}.Release|ARM.ActiveCfg = Release|ARM
		{6C66724D-6F28-4FF0-B6AF-463954FD6B6D}.Release|ARM.Build.0 = Release|ARM
		{6C66724D-6F28-4FF0-B6AF-463954FD6B6D}.Release|ARM.Deploy.0 = Release|ARM
		{6C66724D-6F28-4FF0-B6AF-463954FD6B6D}.Release|iPhone.ActiveCfg = Release|x86
		{6C66724D-6F28-4FF0-B6AF-463954FD6B6D}.Release|iPhoneSimulator.ActiveCfg = Release|x86
		{6C66724D-6F28-4FF0-B6AF-463954FD6B6D}.Release|x64.ActiveCfg = Release|x64
		{6C66724D-6F28-4FF0-B6AF-463954FD6B6D}.Release|x64.Build.0 = Release|x64
		{6C66724D-6F28-4FF0-B6AF-463954FD6B6D}.Release|x64.Deploy.0 = Release|x64
		{6C66724D-6F28-4FF0-B6AF-463954FD6B6D}.Release|x86.ActiveCfg = Release|x86
		{6C66724D-6F28-4FF0-B6AF-463954FD6B6D}.Release|x86.Build.0 = Release|x86
		{6C66724D-6F28-4FF0-B6AF-463954FD6B6D}.Release|x86.Deploy.0 = Release|x86
	EndGlobalSection
	GlobalSection(SolutionProperties) = preSolution
		HideSolutionNode = FALSE
	EndGlobalSection
EndGlobal
